
Microsoft Visual Studio Solution File, Format Version 12.00
# Visual Studio Version 17
VisualStudioVersion = 17.5.002.0
MinimumVisualStudioVersion = 10.0.40219.1
Project("{9A19103F-16F7-4668-BE54-9A1E7A4F7556}") = "TestProject", "TestProject.csproj", "{473D0CC9-B899-4D4E-964B-47612B05AEDD}"
EndProject
Global
	GlobalSection(SolutionConfigurationPlatforms) = preSolution
		Debug|Any CPU = Debug|Any CPU
		Release|Any CPU = Release|Any CPU
	EndGlobalSection
	GlobalSection(ProjectConfigurationPlatforms) = postSolution
		{473D0CC9-B899-4D4E-964B-47612B05AEDD}.Debug|Any CPU.ActiveCfg = Debug|Any CPU
		{473D0CC9-B899-4D4E-964B-47612B05AEDD}.Debug|Any CPU.Build.0 = Debug|Any CPU
		{473D0CC9-B899-4D4E-964B-47612B05AEDD}.Release|Any CPU.ActiveCfg = Release|Any CPU
		{473D0CC9-B899-4D4E-964B-47612B05AEDD}.Release|Any CPU.Build.0 = Release|Any CPU
	EndGlobalSection
	GlobalSection(SolutionProperties) = preSolution
		HideSolutionNode = FALSE
	EndGlobalSection
	GlobalSection(ExtensibilityGlobals) = postSolution
		SolutionGuid = {6D73D013-696C-44F9-8161-B4B17829422D}
	EndGlobalSection
EndGlobal
